
Microsoft Visual Studio Solution File, Format Version 12.00
# Visual Studio Version 17
VisualStudioVersion = 17.3.32825.248
MinimumVisualStudioVersion = 10.0.40219.1
Project("{9A19103F-16F7-4668-BE54-9A1E7A4F7556}") = "UserAPI", "UserAPI\UserAPI.csproj", "{13CE131B-0F13-4F46-B8CA-88436512965D}"
EndProject
Project("{9A19103F-16F7-4668-BE54-9A1E7A4F7556}") = "Models", "Models\Models.csproj", "{D72CE86E-4A63-42A6-A2A6-5E255F834A81}"
EndProject
Project("{9A19103F-16F7-4668-BE54-9A1E7A4F7556}") = "Services", "Services\Services.csproj", "{05CC0EE7-C1C9-46C3-BA4F-847FEC6627AA}"
EndProject
Project("{00D1A9C2-B5F0-4AF3-8072-F6C62B433612}") = "Database", "Database\Database.sqlproj", "{E29EBDF9-FD76-4794-8C6E-E71569B808CC}"
EndProject
Project("{E53339B2-1760-4266-BCC7-CA923CBCF16C}") = "docker-compose", "docker-compose.dcproj", "{4F976AFB-A3BB-4C0F-A546-528D3E4C3D59}"
EndProject
Global
	GlobalSection(SolutionConfigurationPlatforms) = preSolution
		Debug|Any CPU = Debug|Any CPU
		Release|Any CPU = Release|Any CPU
	EndGlobalSection
	GlobalSection(ProjectConfigurationPlatforms) = postSolution
		{13CE131B-0F13-4F46-B8CA-88436512965D}.Debug|Any CPU.ActiveCfg = Debug|Any CPU
		{13CE131B-0F13-4F46-B8CA-88436512965D}.Debug|Any CPU.Build.0 = Debug|Any CPU
		{13CE131B-0F13-4F46-B8CA-88436512965D}.Release|Any CPU.ActiveCfg = Release|Any CPU
		{13CE131B-0F13-4F46-B8CA-88436512965D}.Release|Any CPU.Build.0 = Release|Any CPU
		{D72CE86E-4A63-42A6-A2A6-5E255F834A81}.Debug|Any CPU.ActiveCfg = Debug|Any CPU
		{D72CE86E-4A63-42A6-A2A6-5E255F834A81}.Debug|Any CPU.Build.0 = Debug|Any CPU
		{D72CE86E-4A63-42A6-A2A6-5E255F834A81}.Release|Any CPU.ActiveCfg = Release|Any CPU
		{D72CE86E-4A63-42A6-A2A6-5E255F834A81}.Release|Any CPU.Build.0 = Release|Any CPU
		{05CC0EE7-C1C9-46C3-BA4F-847FEC6627AA}.Debug|Any CPU.ActiveCfg = Debug|Any CPU
		{05CC0EE7-C1C9-46C3-BA4F-847FEC6627AA}.Debug|Any CPU.Build.0 = Debug|Any CPU
		{05CC0EE7-C1C9-46C3-BA4F-847FEC6627AA}.Release|Any CPU.ActiveCfg = Release|Any CPU
		{05CC0EE7-C1C9-46C3-BA4F-847FEC6627AA}.Release|Any CPU.Build.0 = Release|Any CPU
		{E29EBDF9-FD76-4794-8C6E-E71569B808CC}.Debug|Any CPU.ActiveCfg = Debug|Any CPU
		{E29EBDF9-FD76-4794-8C6E-E71569B808CC}.Debug|Any CPU.Build.0 = Debug|Any CPU
		{E29EBDF9-FD76-4794-8C6E-E71569B808CC}.Debug|Any CPU.Deploy.0 = Debug|Any CPU
		{E29EBDF9-FD76-4794-8C6E-E71569B808CC}.Release|Any CPU.ActiveCfg = Release|Any CPU
		{E29EBDF9-FD76-4794-8C6E-E71569B808CC}.Release|Any CPU.Build.0 = Release|Any CPU
		{E29EBDF9-FD76-4794-8C6E-E71569B808CC}.Release|Any CPU.Deploy.0 = Release|Any CPU
		{4F976AFB-A3BB-4C0F-A546-528D3E4C3D59}.Debug|Any CPU.ActiveCfg = Debug|Any CPU
		{4F976AFB-A3BB-4C0F-A546-528D3E4C3D59}.Debug|Any CPU.Build.0 = Debug|Any CPU
		{4F976AFB-A3BB-4C0F-A546-528D3E4C3D59}.Release|Any CPU.ActiveCfg = Release|Any CPU
		{4F976AFB-A3BB-4C0F-A546-528D3E4C3D59}.Release|Any CPU.Build.0 = Release|Any CPU
	EndGlobalSection
	GlobalSection(SolutionProperties) = preSolution
		HideSolutionNode = FALSE
	EndGlobalSection
	GlobalSection(ExtensibilityGlobals) = postSolution
		SolutionGuid = {5713A3D3-2787-4E07-98EA-D987735894A6}
	EndGlobalSection
EndGlobal
